
Microsoft Visual Studio Solution File, Format Version 12.00
# Visual Studio Version 16
VisualStudioVersion = 16.0.31424.327
MinimumVisualStudioVersion = 10.0.40219.1
Project("{2150E333-8FDC-42A3-9474-1A3956D46DE8}") = "5 - Domain", "5 - Domain", "{97E84894-CFDD-4736-A778-258D41FCCF20}"
EndProject
Project("{2150E333-8FDC-42A3-9474-1A3956D46DE8}") = "6 - Infrastructure", "6 - Infrastructure", "{9387C8B8-7BC8-4C19-80E5-383767CAC193}"
EndProject
Project("{2150E333-8FDC-42A3-9474-1A3956D46DE8}") = "3 - Application", "3 - Application", "{68004639-C32E-491A-970C-A79C16BE31B6}"
EndProject
Project("{2150E333-8FDC-42A3-9474-1A3956D46DE8}") = "1 - Presentation", "1 - Presentation", "{27640D0A-F736-48E2-AD85-06AF70472D06}"
EndProject
Project("{2150E333-8FDC-42A3-9474-1A3956D46DE8}") = "4 - Services", "4 - Services", "{7001F46D-B582-40BC-95CA-4DC8485C1688}"
EndProject
Project("{2150E333-8FDC-42A3-9474-1A3956D46DE8}") = "2 - Gateway", "2 - Gateway", "{B4CBD9E6-F070-40B3-A414-3024BAF358E5}"
EndProject
Global
	GlobalSection(SolutionProperties) = preSolution
		HideSolutionNode = FALSE
	EndGlobalSection
	GlobalSection(ExtensibilityGlobals) = postSolution
		SolutionGuid = {AB61ED81-AF43-4309-BF05-6D57333947C6}
	EndGlobalSection
EndGlobal
